
Microsoft Visual Studio Solution File, Format Version 12.00
# Visual Studio Version 16
VisualStudioVersion = 16.0.35026.282
MinimumVisualStudioVersion = 10.0.40219.1
Project("{FAE04EC0-301F-11D3-BF4B-00C04F79EFBC}") = "parcial 2", "parcial 2\parcial 2.csproj", "{E4779820-E657-426C-AE3E-DED96E0D13EC}"
EndProject
Global
	GlobalSection(SolutionConfigurationPlatforms) = preSolution
		Debug|Any CPU = Debug|Any CPU
		Release|Any CPU = Release|Any CPU
	EndGlobalSection
	GlobalSection(ProjectConfigurationPlatforms) = postSolution
		{E4779820-E657-426C-AE3E-DED96E0D13EC}.Debug|Any CPU.ActiveCfg = Debug|Any CPU
		{E4779820-E657-426C-AE3E-DED96E0D13EC}.Debug|Any CPU.Build.0 = Debug|Any CPU
		{E4779820-E657-426C-AE3E-DED96E0D13EC}.Release|Any CPU.ActiveCfg = Release|Any CPU
		{E4779820-E657-426C-AE3E-DED96E0D13EC}.Release|Any CPU.Build.0 = Release|Any CPU
	EndGlobalSection
	GlobalSection(SolutionProperties) = preSolution
		HideSolutionNode = FALSE
	EndGlobalSection
	GlobalSection(ExtensibilityGlobals) = postSolution
		SolutionGuid = {B211DED6-FC4A-41D1-AA5C-020011797F6F}
	EndGlobalSection
EndGlobal
